
Microsoft Visual Studio Solution File, Format Version 12.00
# Visual Studio 14
VisualStudioVersion = 14.0.25420.1
MinimumVisualStudioVersion = 10.0.40219.1
Project("{2150E333-8FDC-42A3-9474-1A3956D46DE8}") = "src", "src", "{6FB314EE-8C34-4582-8BC7-D7E687C6B467}"
EndProject
Project("{2150E333-8FDC-42A3-9474-1A3956D46DE8}") = "Messaging", "Messaging", "{D7ABBC2E-FE9E-47B0-8D81-2689A1E3C717}"
EndProject
Project("{FAE04EC0-301F-11D3-BF4B-00C04F79EFBC}") = "MessageBus.Client", "src\MessageBus.Client\MessageBus.Client.csproj", "{2FA592C2-1B36-4636-9F99-BF7C42DCDE94}"
EndProject
Project("{FAE04EC0-301F-11D3-BF4B-00C04F79EFBC}") = "MessageBus.Core", "src\MessageBus.Core\MessageBus.Core.csproj", "{B6A24C7B-511A-4064-BA63-D272D056DF2B}"
EndProject
Project("{FAE04EC0-301F-11D3-BF4B-00C04F79EFBC}") = "MessageBus.Server", "src\MessageBus.Server\MessageBus.Server.csproj", "{9836EA86-5FD9-4E77-A5F4-2FF7042381AC}"
EndProject
Project("{FAE04EC0-301F-11D3-BF4B-00C04F79EFBC}") = "Pusharp.WebSockets", "src\Pusharp.Server.WebSockets\Pusharp.WebSockets.csproj", "{76F54D67-1AA4-4159-AC91-C14383F8DA64}"
EndProject
Project("{FAE04EC0-301F-11D3-BF4B-00C04F79EFBC}") = "Utils", "Utils\Utils.csproj", "{11F83CBA-644D-4646-AF75-A9BBFA19A6E8}"
EndProject
Project("{2150E333-8FDC-42A3-9474-1A3956D46DE8}") = "Libs", "Libs", "{173D023E-6130-4742-9C30-5A571728617D}"
EndProject
Project("{FAE04EC0-301F-11D3-BF4B-00C04F79EFBC}") = "Pusharp.Clients.Xamarin.Android", "Pusharp.Clients.Xamarin.Android\Pusharp.Clients.Xamarin.Android.csproj", "{454E649A-880C-4D22-ADEE-996BE6795412}"
EndProject
Project("{FAE04EC0-301F-11D3-BF4B-00C04F79EFBC}") = "Pusharp.Clients.Xamarin.IOS", "Pusharp.Clients.Xamarin.IOS\Pusharp.Clients.Xamarin.IOS.csproj", "{5B0FE5AA-B28C-46CD-B4EF-95C95DE5E6B7}"
EndProject
Project("{D954291E-2A0B-460D-934E-DC6B0785DB48}") = "Pusharp.Clients", "Pusharp.Clients\Pusharp.Clients.shproj", "{B85CC9F3-EBB7-4D9C-9242-47F40705A57F}"
EndProject
Project("{2150E333-8FDC-42A3-9474-1A3956D46DE8}") = "data", "data", "{278AE9EA-ECF8-4DD9-87FE-9157CE16F857}"
EndProject
Project("{FAE04EC0-301F-11D3-BF4B-00C04F79EFBC}") = "ZSoft.PushService.Data.DataAccess", "src\data\ZSoft.PushService.Data.DataAccess\ZSoft.PushService.Data.DataAccess.csproj", "{1AA56152-0D78-4A71-967D-18DE63884065}"
EndProject
Project("{FAE04EC0-301F-11D3-BF4B-00C04F79EFBC}") = "ZSoft.PushServices.Data.Domain", "src\data\ZSoft.PushServices.Data.Domain\ZSoft.PushServices.Data.Domain.csproj", "{6A9FF6C6-66B1-432B-A47C-B19DA9719D20}"
EndProject
Project("{FAE04EC0-301F-11D3-BF4B-00C04F79EFBC}") = "ZSoft.PushServices.Data.Services", "src\data\ZSoft.PushServices.Data.Services\ZSoft.PushServices.Data.Services.csproj", "{9A402D27-D1F4-4671-ACD1-54453DF2AB42}"
EndProject
Project("{FAE04EC0-301F-11D3-BF4B-00C04F79EFBC}") = "ZSoft.PushServices.Data.Services.Abstraction", "src\data\ZSoft.PushServices.Data.Services.Abstraction\ZSoft.PushServices.Data.Services.Abstraction.csproj", "{D045A2D4-25B7-469C-8585-63FC72BEA1CD}"
EndProject
Project("{2150E333-8FDC-42A3-9474-1A3956D46DE8}") = "web-ui", "web-ui", "{688F0470-C090-467D-9619-DE284801D5AC}"
EndProject
Global
	GlobalSection(SharedMSBuildProjectFiles) = preSolution
		Pusharp.Clients\Pusharp.Clients.projitems*{454e649a-880c-4d22-adee-996be6795412}*SharedItemsImports = 4
		Pusharp.Clients\Pusharp.Clients.projitems*{b85cc9f3-ebb7-4d9c-9242-47f40705a57f}*SharedItemsImports = 13
	EndGlobalSection
	GlobalSection(SolutionConfigurationPlatforms) = preSolution
		AppStore|Any CPU = AppStore|Any CPU
		Debug|Any CPU = Debug|Any CPU
		Release|Any CPU = Release|Any CPU
	EndGlobalSection
	GlobalSection(ProjectConfigurationPlatforms) = postSolution
		{2FA592C2-1B36-4636-9F99-BF7C42DCDE94}.AppStore|Any CPU.ActiveCfg = Release|Any CPU
		{2FA592C2-1B36-4636-9F99-BF7C42DCDE94}.AppStore|Any CPU.Build.0 = Release|Any CPU
		{2FA592C2-1B36-4636-9F99-BF7C42DCDE94}.Debug|Any CPU.ActiveCfg = Debug|Any CPU
		{2FA592C2-1B36-4636-9F99-BF7C42DCDE94}.Debug|Any CPU.Build.0 = Debug|Any CPU
		{2FA592C2-1B36-4636-9F99-BF7C42DCDE94}.Release|Any CPU.ActiveCfg = Release|Any CPU
		{2FA592C2-1B36-4636-9F99-BF7C42DCDE94}.Release|Any CPU.Build.0 = Release|Any CPU
		{B6A24C7B-511A-4064-BA63-D272D056DF2B}.AppStore|Any CPU.ActiveCfg = Release|Any CPU
		{B6A24C7B-511A-4064-BA63-D272D056DF2B}.AppStore|Any CPU.Build.0 = Release|Any CPU
		{B6A24C7B-511A-4064-BA63-D272D056DF2B}.Debug|Any CPU.ActiveCfg = Debug|Any CPU
		{B6A24C7B-511A-4064-BA63-D272D056DF2B}.Debug|Any CPU.Build.0 = Debug|Any CPU
		{B6A24C7B-511A-4064-BA63-D272D056DF2B}.Release|Any CPU.ActiveCfg = Release|Any CPU
		{B6A24C7B-511A-4064-BA63-D272D056DF2B}.Release|Any CPU.Build.0 = Release|Any CPU
		{9836EA86-5FD9-4E77-A5F4-2FF7042381AC}.AppStore|Any CPU.ActiveCfg = Release|Any CPU
		{9836EA86-5FD9-4E77-A5F4-2FF7042381AC}.AppStore|Any CPU.Build.0 = Release|Any CPU
		{9836EA86-5FD9-4E77-A5F4-2FF7042381AC}.Debug|Any CPU.ActiveCfg = Debug|Any CPU
		{9836EA86-5FD9-4E77-A5F4-2FF7042381AC}.Debug|Any CPU.Build.0 = Debug|Any CPU
		{9836EA86-5FD9-4E77-A5F4-2FF7042381AC}.Release|Any CPU.ActiveCfg = Release|Any CPU
		{9836EA86-5FD9-4E77-A5F4-2FF7042381AC}.Release|Any CPU.Build.0 = Release|Any CPU
		{76F54D67-1AA4-4159-AC91-C14383F8DA64}.AppStore|Any CPU.ActiveCfg = Release|Any CPU
		{76F54D67-1AA4-4159-AC91-C14383F8DA64}.AppStore|Any CPU.Build.0 = Release|Any CPU
		{76F54D67-1AA4-4159-AC91-C14383F8DA64}.Debug|Any CPU.ActiveCfg = Debug|Any CPU
		{76F54D67-1AA4-4159-AC91-C14383F8DA64}.Debug|Any CPU.Build.0 = Debug|Any CPU
		{76F54D67-1AA4-4159-AC91-C14383F8DA64}.Release|Any CPU.ActiveCfg = Release|Any CPU
		{76F54D67-1AA4-4159-AC91-C14383F8DA64}.Release|Any CPU.Build.0 = Release|Any CPU
		{11F83CBA-644D-4646-AF75-A9BBFA19A6E8}.AppStore|Any CPU.ActiveCfg = Release|Any CPU
		{11F83CBA-644D-4646-AF75-A9BBFA19A6E8}.AppStore|Any CPU.Build.0 = Release|Any CPU
		{11F83CBA-644D-4646-AF75-A9BBFA19A6E8}.Debug|Any CPU.ActiveCfg = Debug|Any CPU
		{11F83CBA-644D-4646-AF75-A9BBFA19A6E8}.Debug|Any CPU.Build.0 = Debug|Any CPU
		{11F83CBA-644D-4646-AF75-A9BBFA19A6E8}.Release|Any CPU.ActiveCfg = Release|Any CPU
		{11F83CBA-644D-4646-AF75-A9BBFA19A6E8}.Release|Any CPU.Build.0 = Release|Any CPU
		{454E649A-880C-4D22-ADEE-996BE6795412}.AppStore|Any CPU.ActiveCfg = Release|Any CPU
		{454E649A-880C-4D22-ADEE-996BE6795412}.AppStore|Any CPU.Build.0 = Release|Any CPU
		{454E649A-880C-4D22-ADEE-996BE6795412}.Debug|Any CPU.ActiveCfg = Debug|Any CPU
		{454E649A-880C-4D22-ADEE-996BE6795412}.Debug|Any CPU.Build.0 = Debug|Any CPU
		{454E649A-880C-4D22-ADEE-996BE6795412}.Release|Any CPU.ActiveCfg = Release|Any CPU
		{454E649A-880C-4D22-ADEE-996BE6795412}.Release|Any CPU.Build.0 = Release|Any CPU
		{5B0FE5AA-B28C-46CD-B4EF-95C95DE5E6B7}.AppStore|Any CPU.ActiveCfg = Release|Any CPU
		{5B0FE5AA-B28C-46CD-B4EF-95C95DE5E6B7}.AppStore|Any CPU.Build.0 = Release|Any CPU
		{5B0FE5AA-B28C-46CD-B4EF-95C95DE5E6B7}.Debug|Any CPU.ActiveCfg = Debug|Any CPU
		{5B0FE5AA-B28C-46CD-B4EF-95C95DE5E6B7}.Debug|Any CPU.Build.0 = Debug|Any CPU
		{5B0FE5AA-B28C-46CD-B4EF-95C95DE5E6B7}.Release|Any CPU.ActiveCfg = Release|Any CPU
		{5B0FE5AA-B28C-46CD-B4EF-95C95DE5E6B7}.Release|Any CPU.Build.0 = Release|Any CPU
		{1AA56152-0D78-4A71-967D-18DE63884065}.AppStore|Any CPU.ActiveCfg = Release|Any CPU
		{1AA56152-0D78-4A71-967D-18DE63884065}.AppStore|Any CPU.Build.0 = Release|Any CPU
		{1AA56152-0D78-4A71-967D-18DE63884065}.Debug|Any CPU.ActiveCfg = Debug|Any CPU
		{1AA56152-0D78-4A71-967D-18DE63884065}.Debug|Any CPU.Build.0 = Debug|Any CPU
		{1AA56152-0D78-4A71-967D-18DE63884065}.Release|Any CPU.ActiveCfg = Release|Any CPU
		{1AA56152-0D78-4A71-967D-18DE63884065}.Release|Any CPU.Build.0 = Release|Any CPU
		{6A9FF6C6-66B1-432B-A47C-B19DA9719D20}.AppStore|Any CPU.ActiveCfg = Release|Any CPU
		{6A9FF6C6-66B1-432B-A47C-B19DA9719D20}.AppStore|Any CPU.Build.0 = Release|Any CPU
		{6A9FF6C6-66B1-432B-A47C-B19DA9719D20}.Debug|Any CPU.ActiveCfg = Debug|Any CPU
		{6A9FF6C6-66B1-432B-A47C-B19DA9719D20}.Debug|Any CPU.Build.0 = Debug|Any CPU
		{6A9FF6C6-66B1-432B-A47C-B19DA9719D20}.Release|Any CPU.ActiveCfg = Release|Any CPU
		{6A9FF6C6-66B1-432B-A47C-B19DA9719D20}.Release|Any CPU.Build.0 = Release|Any CPU
		{9A402D27-D1F4-4671-ACD1-54453DF2AB42}.AppStore|Any CPU.ActiveCfg = Release|Any CPU
		{9A402D27-D1F4-4671-ACD1-54453DF2AB42}.AppStore|Any CPU.Build.0 = Release|Any CPU
		{9A402D27-D1F4-4671-ACD1-54453DF2AB42}.Debug|Any CPU.ActiveCfg = Debug|Any CPU
		{9A402D27-D1F4-4671-ACD1-54453DF2AB42}.Debug|Any CPU.Build.0 = Debug|Any CPU
		{9A402D27-D1F4-4671-ACD1-54453DF2AB42}.Release|Any CPU.ActiveCfg = Release|Any CPU
		{9A402D27-D1F4-4671-ACD1-54453DF2AB42}.Release|Any CPU.Build.0 = Release|Any CPU
		{D045A2D4-25B7-469C-8585-63FC72BEA1CD}.AppStore|Any CPU.ActiveCfg = Release|Any CPU
		{D045A2D4-25B7-469C-8585-63FC72BEA1CD}.AppStore|Any CPU.Build.0 = Release|Any CPU
		{D045A2D4-25B7-469C-8585-63FC72BEA1CD}.Debug|Any CPU.ActiveCfg = Debug|Any CPU
		{D045A2D4-25B7-469C-8585-63FC72BEA1CD}.Debug|Any CPU.Build.0 = Debug|Any CPU
		{D045A2D4-25B7-469C-8585-63FC72BEA1CD}.Release|Any CPU.ActiveCfg = Release|Any CPU
		{D045A2D4-25B7-469C-8585-63FC72BEA1CD}.Release|Any CPU.Build.0 = Release|Any CPU
	EndGlobalSection
	GlobalSection(SolutionProperties) = preSolution
		HideSolutionNode = FALSE
	EndGlobalSection
	GlobalSection(NestedProjects) = preSolution
		{D7ABBC2E-FE9E-47B0-8D81-2689A1E3C717} = {6FB314EE-8C34-4582-8BC7-D7E687C6B467}
		{2FA592C2-1B36-4636-9F99-BF7C42DCDE94} = {D7ABBC2E-FE9E-47B0-8D81-2689A1E3C717}
		{B6A24C7B-511A-4064-BA63-D272D056DF2B} = {D7ABBC2E-FE9E-47B0-8D81-2689A1E3C717}
		{9836EA86-5FD9-4E77-A5F4-2FF7042381AC} = {D7ABBC2E-FE9E-47B0-8D81-2689A1E3C717}
		{76F54D67-1AA4-4159-AC91-C14383F8DA64} = {6FB314EE-8C34-4582-8BC7-D7E687C6B467}
		{11F83CBA-644D-4646-AF75-A9BBFA19A6E8} = {6FB314EE-8C34-4582-8BC7-D7E687C6B467}
		{173D023E-6130-4742-9C30-5A571728617D} = {6FB314EE-8C34-4582-8BC7-D7E687C6B467}
		{454E649A-880C-4D22-ADEE-996BE6795412} = {173D023E-6130-4742-9C30-5A571728617D}
		{5B0FE5AA-B28C-46CD-B4EF-95C95DE5E6B7} = {173D023E-6130-4742-9C30-5A571728617D}
		{B85CC9F3-EBB7-4D9C-9242-47F40705A57F} = {173D023E-6130-4742-9C30-5A571728617D}
		{278AE9EA-ECF8-4DD9-87FE-9157CE16F857} = {6FB314EE-8C34-4582-8BC7-D7E687C6B467}
		{1AA56152-0D78-4A71-967D-18DE63884065} = {278AE9EA-ECF8-4DD9-87FE-9157CE16F857}
		{6A9FF6C6-66B1-432B-A47C-B19DA9719D20} = {278AE9EA-ECF8-4DD9-87FE-9157CE16F857}
		{9A402D27-D1F4-4671-ACD1-54453DF2AB42} = {278AE9EA-ECF8-4DD9-87FE-9157CE16F857}
		{D045A2D4-25B7-469C-8585-63FC72BEA1CD} = {278AE9EA-ECF8-4DD9-87FE-9157CE16F857}
		{688F0470-C090-467D-9619-DE284801D5AC} = {6FB314EE-8C34-4582-8BC7-D7E687C6B467}
	EndGlobalSection
EndGlobal
